// !$*UTF8*$!
{
	archiveVersion = 1;
	classes = {
	};
	objectVersion = 77;
	objects = {

/* Begin PBXBuildFile section */
		9BC8F0A32E5D748800A23155 /* LookatDeezShare.appex in Embed Foundation Extensions */ = {isa = PBXBuildFile; fileRef = 9BC8F0992E5D748800A23155 /* LookatDeezShare.appex */; settings = {ATTRIBUTES = (RemoveHeadersOnCopy, ); }; };
/* End PBXBuildFile section */

/* Begin PBXContainerItemProxy section */
		9B29E5BC2E56BBDE0057275D /* PBXContainerItemProxy */ = {
			isa = PBXContainerItemProxy;
			containerPortal = 9B29E5A62E56BBDD0057275D /* Project object */;
			proxyType = 1;
			remoteGlobalIDString = 9B29E5AD2E56BBDD0057275D;
			remoteInfo = LookatDeez;
		};
		9B29E5C62E56BBDE0057275D /* PBXContainerItemProxy */ = {
			isa = PBXContainerItemProxy;
			containerPortal = 9B29E5A62E56BBDD0057275D /* Project object */;
			proxyType = 1;
			remoteGlobalIDString = 9B29E5AD2E56BBDD0057275D;
			remoteInfo = LookatDeez;
		};
		9BC8F0A12E5D748800A23155 /* PBXContainerItemProxy */ = {
			isa = PBXContainerItemProxy;
			containerPortal = 9B29E5A62E56BBDD0057275D /* Project object */;
			proxyType = 1;
			remoteGlobalIDString = 9BC8F0982E5D748800A23155;
			remoteInfo = LookatDeezShare;
		};
/* End PBXContainerItemProxy section */

/* Begin PBXCopyFilesBuildPhase section */
		9BC8F0A82E5D748800A23155 /* Embed Foundation Extensions */ = {
			isa = PBXCopyFilesBuildPhase;
			buildActionMask = 2147483647;
			dstPath = "";
			dstSubfolderSpec = 13;
			files = (
				9BC8F0A32E5D748800A23155 /* LookatDeezShare.appex in Embed Foundation Extensions */,
			);
			name = "Embed Foundation Extensions";
			runOnlyForDeploymentPostprocessing = 0;
		};
/* End PBXCopyFilesBuildPhase section */

/* Begin PBXFileReference section */
		9B29E5AE2E56BBDD0057275D /* LookatDeez.app */ = {isa = PBXFileReference; explicitFileType = wrapper.application; includeInIndex = 0; path = LookatDeez.app; sourceTree = BUILT_PRODUCTS_DIR; };
		9B29E5BB2E56BBDE0057275D /* LookatDeezTests.xctest */ = {isa = PBXFileReference; explicitFileType = wrapper.cfbundle; includeInIndex = 0; path = LookatDeezTests.xctest; sourceTree = BUILT_PRODUCTS_DIR; };
		9B29E5C52E56BBDE0057275D /* LookatDeezUITests.xctest */ = {isa = PBXFileReference; explicitFileType = wrapper.cfbundle; includeInIndex = 0; path = LookatDeezUITests.xctest; sourceTree = BUILT_PRODUCTS_DIR; };
		9BC8F0992E5D748800A23155 /* LookatDeezShare.appex */ = {isa = PBXFileReference; explicitFileType = "wrapper.app-extension"; includeInIndex = 0; path = LookatDeezShare.appex; sourceTree = BUILT_PRODUCTS_DIR; };
/* End PBXFileReference section */

/* Begin PBXFileSystemSynchronizedBuildFileExceptionSet section */
		9BC8F0A42E5D748800A23155 /* Exceptions for "LookatDeezShare" folder in "LookatDeezShare" target */ = {
			isa = PBXFileSystemSynchronizedBuildFileExceptionSet;
			membershipExceptions = (
				Info.plist,
			);
			target = 9BC8F0982E5D748800A23155 /* LookatDeezShare */;
		};
		9BC8F0B02E5E396600A23155 /* Exceptions for "Shared" folder in "LookatDeezShare" target */ = {
			isa = PBXFileSystemSynchronizedBuildFileExceptionSet;
			membershipExceptions = (
				AppGroup.swift,
				Concentricity.swift,
				ShareCodables.swift,
			);
			target = 9BC8F0982E5D748800A23155 /* LookatDeezShare */;
		};
/* End PBXFileSystemSynchronizedBuildFileExceptionSet section */

/* Begin PBXFileSystemSynchronizedRootGroup section */
		9B29E5B02E56BBDD0057275D /* LookatDeez */ = {
			isa = PBXFileSystemSynchronizedRootGroup;
			path = LookatDeez;
			sourceTree = "<group>";
		};
		9B29E5BE2E56BBDE0057275D /* LookatDeezTests */ = {
			isa = PBXFileSystemSynchronizedRootGroup;
			path = LookatDeezTests;
			sourceTree = "<group>";
		};
		9B29E5C82E56BBDE0057275D /* LookatDeezUITests */ = {
			isa = PBXFileSystemSynchronizedRootGroup;
			path = LookatDeezUITests;
			sourceTree = "<group>";
		};
		9BC8F09A2E5D748800A23155 /* LookatDeezShare */ = {
			isa = PBXFileSystemSynchronizedRootGroup;
			exceptions = (
				9BC8F0A42E5D748800A23155 /* Exceptions for "LookatDeezShare" folder in "LookatDeezShare" target */,
			);
			path = LookatDeezShare;
			sourceTree = "<group>";
		};
		9BC8F0AE2E5E38F700A23155 /* Shared */ = {
			isa = PBXFileSystemSynchronizedRootGroup;
			exceptions = (
				9BC8F0B02E5E396600A23155 /* Exceptions for "Shared" folder in "LookatDeezShare" target */,
			);
			path = Shared;
			sourceTree = "<group>";
		};
/* End PBXFileSystemSynchronizedRootGroup section */

/* Begin PBXFrameworksBuildPhase section */
		9B29E5AB2E56BBDD0057275D /* Frameworks */ = {
			isa = PBXFrameworksBuildPhase;
			buildActionMask = 2147483647;
			files = (
			);
			runOnlyForDeploymentPostprocessing = 0;
		};
		9B29E5B82E56BBDE0057275D /* Frameworks */ = {
			isa = PBXFrameworksBuildPhase;
			buildActionMask = 2147483647;
			files = (
			);
			runOnlyForDeploymentPostprocessing = 0;
		};
		9B29E5C22E56BBDE0057275D /* Frameworks */ = {
			isa = PBXFrameworksBuildPhase;
			buildActionMask = 2147483647;
			files = (
			);
			runOnlyForDeploymentPostprocessing = 0;
		};
		9BC8F0962E5D748800A23155 /* Frameworks */ = {
			isa = PBXFrameworksBuildPhase;
			buildActionMask = 2147483647;
			files = (
			);
			runOnlyForDeploymentPostprocessing = 0;
		};
/* End PBXFrameworksBuildPhase section */

/* Begin PBXGroup section */
		9B29E5A52E56BBDD0057275D = {
			isa = PBXGroup;
			children = (
				9BC8F0AE2E5E38F700A23155 /* Shared */,
				9B29E5B02E56BBDD0057275D /* LookatDeez */,
				9B29E5BE2E56BBDE0057275D /* LookatDeezTests */,
				9B29E5C82E56BBDE0057275D /* LookatDeezUITests */,
				9BC8F09A2E5D748800A23155 /* LookatDeezShare */,
				9B29E5AF2E56BBDD0057275D /* Products */,
			);
			sourceTree = "<group>";
		};
		9B29E5AF2E56BBDD0057275D /* Products */ = {
			isa = PBXGroup;
			children = (
				9B29E5AE2E56BBDD0057275D /* LookatDeez.app */,
				9B29E5BB2E56BBDE0057275D /* LookatDeezTests.xctest */,
				9B29E5C52E56BBDE0057275D /* LookatDeezUITests.xctest */,
				9BC8F0992E5D748800A23155 /* LookatDeezShare.appex */,
			);
			name = Products;
			sourceTree = "<group>";
		};
/* End PBXGroup section */

/* Begin PBXNativeTarget section */
		9B29E5AD2E56BBDD0057275D /* LookatDeez */ = {
			isa = PBXNativeTarget;
			buildConfigurationList = 9B29E5CF2E56BBDE0057275D /* Build configuration list for PBXNativeTarget "LookatDeez" */;
			buildPhases = (
				9B29E5AA2E56BBDD0057275D /* Sources */,
				9B29E5AB2E56BBDD0057275D /* Frameworks */,
				9B29E5AC2E56BBDD0057275D /* Resources */,
				9BC8F0A82E5D748800A23155 /* Embed Foundation Extensions */,
			);
			buildRules = (
			);
			dependencies = (
				9BC8F0A22E5D748800A23155 /* PBXTargetDependency */,
			);
			fileSystemSynchronizedGroups = (
				9B29E5B02E56BBDD0057275D /* LookatDeez */,
				9BC8F0AE2E5E38F700A23155 /* Shared */,
			);
			name = LookatDeez;
			packageProductDependencies = (
			);
			productName = LookatDeez;
			productReference = 9B29E5AE2E56BBDD0057275D /* LookatDeez.app */;
			productType = "com.apple.product-type.application";
		};
		9B29E5BA2E56BBDE0057275D /* LookatDeezTests */ = {
			isa = PBXNativeTarget;
			buildConfigurationList = 9B29E5D22E56BBDE0057275D /* Build configuration list for PBXNativeTarget "LookatDeezTests" */;
			buildPhases = (
				9B29E5B72E56BBDE0057275D /* Sources */,
				9B29E5B82E56BBDE0057275D /* Frameworks */,
				9B29E5B92E56BBDE0057275D /* Resources */,
			);
			buildRules = (
			);
			dependencies = (
				9B29E5BD2E56BBDE0057275D /* PBXTargetDependency */,
			);
			fileSystemSynchronizedGroups = (
				9B29E5BE2E56BBDE0057275D /* LookatDeezTests */,
			);
			name = LookatDeezTests;
			packageProductDependencies = (
			);
			productName = LookatDeezTests;
			productReference = 9B29E5BB2E56BBDE0057275D /* LookatDeezTests.xctest */;
			productType = "com.apple.product-type.bundle.unit-test";
		};
		9B29E5C42E56BBDE0057275D /* LookatDeezUITests */ = {
			isa = PBXNativeTarget;
			buildConfigurationList = 9B29E5D52E56BBDE0057275D /* Build configuration list for PBXNativeTarget "LookatDeezUITests" */;
			buildPhases = (
				9B29E5C12E56BBDE0057275D /* Sources */,
				9B29E5C22E56BBDE0057275D /* Frameworks */,
				9B29E5C32E56BBDE0057275D /* Resources */,
			);
			buildRules = (
			);
			dependencies = (
				9B29E5C72E56BBDE0057275D /* PBXTargetDependency */,
			);
			fileSystemSynchronizedGroups = (
				9B29E5C82E56BBDE0057275D /* LookatDeezUITests */,
			);
			name = LookatDeezUITests;
			packageProductDependencies = (
			);
			productName = LookatDeezUITests;
			productReference = 9B29E5C52E56BBDE0057275D /* LookatDeezUITests.xctest */;
			productType = "com.apple.product-type.bundle.ui-testing";
		};
		9BC8F0982E5D748800A23155 /* LookatDeezShare */ = {
			isa = PBXNativeTarget;
			buildConfigurationList = 9BC8F0A52E5D748800A23155 /* Build configuration list for PBXNativeTarget "LookatDeezShare" */;
			buildPhases = (
				9BC8F0952E5D748800A23155 /* Sources */,
				9BC8F0962E5D748800A23155 /* Frameworks */,
				9BC8F0972E5D748800A23155 /* Resources */,
			);
			buildRules = (
			);
			dependencies = (
			);
			fileSystemSynchronizedGroups = (
				9BC8F09A2E5D748800A23155 /* LookatDeezShare */,
			);
			name = LookatDeezShare;
			packageProductDependencies = (
			);
			productName = LookatDeezShare;
			productReference = 9BC8F0992E5D748800A23155 /* LookatDeezShare.appex */;
			productType = "com.apple.product-type.app-extension";
		};
/* End PBXNativeTarget section */

/* Begin PBXProject section */
		9B29E5A62E56BBDD0057275D /* Project object */ = {
			isa = PBXProject;
			attributes = {
				BuildIndependentTargetsInParallel = 1;
				LastSwiftUpdateCheck = 1640;
				LastUpgradeCheck = 1640;
				TargetAttributes = {
					9B29E5AD2E56BBDD0057275D = {
						CreatedOnToolsVersion = 16.4;
					};
					9B29E5BA2E56BBDE0057275D = {
						CreatedOnToolsVersion = 16.4;
						TestTargetID = 9B29E5AD2E56BBDD0057275D;
					};
					9B29E5C42E56BBDE0057275D = {
						CreatedOnToolsVersion = 16.4;
						TestTargetID = 9B29E5AD2E56BBDD0057275D;
					};
					9BC8F0982E5D748800A23155 = {
						CreatedOnToolsVersion = 16.4;
					};
				};
			};
			buildConfigurationList = 9B29E5A92E56BBDD0057275D /* Build configuration list for PBXProject "LookatDeez" */;
			developmentRegion = en;
			hasScannedForEncodings = 0;
			knownRegions = (
				en,
				Base,
			);
			mainGroup = 9B29E5A52E56BBDD0057275D;
			minimizedProjectReferenceProxies = 1;
			preferredProjectObjectVersion = 77;
			productRefGroup = 9B29E5AF2E56BBDD0057275D /* Products */;
			projectDirPath = "";
			projectRoot = "";
			targets = (
				9B29E5AD2E56BBDD0057275D /* LookatDeez */,
				9B29E5BA2E56BBDE0057275D /* LookatDeezTests */,
				9B29E5C42E56BBDE0057275D /* LookatDeezUITests */,
				9BC8F0982E5D748800A23155 /* LookatDeezShare */,
			);
		};
/* End PBXProject section */

/* Begin PBXResourcesBuildPhase section */
		9B29E5AC2E56BBDD0057275D /* Resources */ = {
			isa = PBXResourcesBuildPhase;
			buildActionMask = 2147483647;
			files = (
			);
			runOnlyForDeploymentPostprocessing = 0;
		};
		9B29E5B92E56BBDE0057275D /* Resources */ = {
			isa = PBXResourcesBuildPhase;
			buildActionMask = 2147483647;
			files = (
			);
			runOnlyForDeploymentPostprocessing = 0;
		};
		9B29E5C32E56BBDE0057275D /* Resources */ = {
			isa = PBXResourcesBuildPhase;
			buildActionMask = 2147483647;
			files = (
			);
			runOnlyForDeploymentPostprocessing = 0;
		};
		9BC8F0972E5D748800A23155 /* Resources */ = {
			isa = PBXResourcesBuildPhase;
			buildActionMask = 2147483647;
			files = (
			);
			runOnlyForDeploymentPostprocessing = 0;
		};
/* End PBXResourcesBuildPhase section */

/* Begin PBXSourcesBuildPhase section */
		9B29E5AA2E56BBDD0057275D /* Sources */ = {
			isa = PBXSourcesBuildPhase;
			buildActionMask = 2147483647;
			files = (
			);
			runOnlyForDeploymentPostprocessing = 0;
		};
		9B29E5B72E56BBDE0057275D /* Sources */ = {
			isa = PBXSourcesBuildPhase;
			buildActionMask = 2147483647;
			files = (
			);
			runOnlyForDeploymentPostprocessing = 0;
		};
		9B29E5C12E56BBDE0057275D /* Sources */ = {
			isa = PBXSourcesBuildPhase;
			buildActionMask = 2147483647;
			files = (
			);
			runOnlyForDeploymentPostprocessing = 0;
		};
		9BC8F0952E5D748800A23155 /* Sources */ = {
			isa = PBXSourcesBuildPhase;
			buildActionMask = 2147483647;
			files = (
			);
			runOnlyForDeploymentPostprocessing = 0;
		};
/* End PBXSourcesBuildPhase section */

/* Begin PBXTargetDependency section */
		9B29E5BD2E56BBDE0057275D /* PBXTargetDependency */ = {
			isa = PBXTargetDependency;
			target = 9B29E5AD2E56BBDD0057275D /* LookatDeez */;
			targetProxy = 9B29E5BC2E56BBDE0057275D /* PBXContainerItemProxy */;
		};
		9B29E5C72E56BBDE0057275D /* PBXTargetDependency */ = {
			isa = PBXTargetDependency;
			target = 9B29E5AD2E56BBDD0057275D /* LookatDeez */;
			targetProxy = 9B29E5C62E56BBDE0057275D /* PBXContainerItemProxy */;
		};
		9BC8F0A22E5D748800A23155 /* PBXTargetDependency */ = {
			isa = PBXTargetDependency;
			target = 9BC8F0982E5D748800A23155 /* LookatDeezShare */;
			targetProxy = 9BC8F0A12E5D748800A23155 /* PBXContainerItemProxy */;
		};
/* End PBXTargetDependency section */

/* Begin XCBuildConfiguration section */
		9B29E5CD2E56BBDE0057275D /* Debug */ = {
			isa = XCBuildConfiguration;
			buildSettings = {
				ALWAYS_SEARCH_USER_PATHS = NO;
				ASSETCATALOG_COMPILER_GENERATE_SWIFT_ASSET_SYMBOL_EXTENSIONS = YES;
				CLANG_ANALYZER_NONNULL = YES;
				CLANG_ANALYZER_NUMBER_OBJECT_CONVERSION = YES_AGGRESSIVE;
				CLANG_CXX_LANGUAGE_STANDARD = "gnu++20";
				CLANG_ENABLE_MODULES = YES;
				CLANG_ENABLE_OBJC_ARC = YES;
				CLANG_ENABLE_OBJC_WEAK = YES;
				CLANG_WARN_BLOCK_CAPTURE_AUTORELEASING = YES;
				CLANG_WARN_BOOL_CONVERSION = YES;
				CLANG_WARN_COMMA = YES;
				CLANG_WARN_CONSTANT_CONVERSION = YES;
				CLANG_WARN_DEPRECATED_OBJC_IMPLEMENTATIONS = YES;
				CLANG_WARN_DIRECT_OBJC_ISA_USAGE = YES_ERROR;
				CLANG_WARN_DOCUMENTATION_COMMENTS = YES;
				CLANG_WARN_EMPTY_BODY = YES;
				CLANG_WARN_ENUM_CONVERSION = YES;
				CLANG_WARN_INFINITE_RECURSION = YES;
				CLANG_WARN_INT_CONVERSION = YES;
				CLANG_WARN_NON_LITERAL_NULL_CONVERSION = YES;
				CLANG_WARN_OBJC_IMPLICIT_RETAIN_SELF = YES;
				CLANG_WARN_OBJC_LITERAL_CONVERSION = YES;
				CLANG_WARN_OBJC_ROOT_CLASS = YES_ERROR;
				CLANG_WARN_QUOTED_INCLUDE_IN_FRAMEWORK_HEADER = YES;
				CLANG_WARN_RANGE_LOOP_ANALYSIS = YES;
				CLANG_WARN_STRICT_PROTOTYPES = YES;
				CLANG_WARN_SUSPICIOUS_MOVE = YES;
				CLANG_WARN_UNGUARDED_AVAILABILITY = YES_AGGRESSIVE;
				CLANG_WARN_UNREACHABLE_CODE = YES;
				CLANG_WARN__DUPLICATE_METHOD_MATCH = YES;
				COPY_PHASE_STRIP = NO;
				DEBUG_INFORMATION_FORMAT = dwarf;
				DEVELOPMENT_TEAM = H6CYWCSB6H;
				ENABLE_STRICT_OBJC_MSGSEND = YES;
				ENABLE_TESTABILITY = YES;
				ENABLE_USER_SCRIPT_SANDBOXING = YES;
				GCC_C_LANGUAGE_STANDARD = gnu17;
				GCC_DYNAMIC_NO_PIC = NO;
				GCC_NO_COMMON_BLOCKS = YES;
				GCC_OPTIMIZATION_LEVEL = 0;
				GCC_PREPROCESSOR_DEFINITIONS = (
					"DEBUG=1",
					"$(inherited)",
				);
				GCC_WARN_64_TO_32_BIT_CONVERSION = YES;
				GCC_WARN_ABOUT_RETURN_TYPE = YES_ERROR;
				GCC_WARN_UNDECLARED_SELECTOR = YES;
				GCC_WARN_UNINITIALIZED_AUTOS = YES_AGGRESSIVE;
				GCC_WARN_UNUSED_FUNCTION = YES;
				GCC_WARN_UNUSED_VARIABLE = YES;
				IPHONEOS_DEPLOYMENT_TARGET = 18.5;
				LOCALIZATION_PREFERS_STRING_CATALOGS = YES;
				MTL_ENABLE_DEBUG_INFO = INCLUDE_SOURCE;
				MTL_FAST_MATH = YES;
				ONLY_ACTIVE_ARCH = YES;
				SDKROOT = iphoneos;
				SWIFT_ACTIVE_COMPILATION_CONDITIONS = "DEBUG $(inherited)";
				SWIFT_OPTIMIZATION_LEVEL = "-Onone";
			};
			name = Debug;
		};
		9B29E5CE2E56BBDE0057275D /* Release */ = {
			isa = XCBuildConfiguration;
			buildSettings = {
				ALWAYS_SEARCH_USER_PATHS = NO;
				ASSETCATALOG_COMPILER_GENERATE_SWIFT_ASSET_SYMBOL_EXTENSIONS = YES;
				CLANG_ANALYZER_NONNULL = YES;
				CLANG_ANALYZER_NUMBER_OBJECT_CONVERSION = YES_AGGRESSIVE;
				CLANG_CXX_LANGUAGE_STANDARD = "gnu++20";
				CLANG_ENABLE_MODULES = YES;
				CLANG_ENABLE_OBJC_ARC = YES;
				CLANG_ENABLE_OBJC_WEAK = YES;
				CLANG_WARN_BLOCK_CAPTURE_AUTORELEASING = YES;
				CLANG_WARN_BOOL_CONVERSION = YES;
				CLANG_WARN_COMMA = YES;
				CLANG_WARN_CONSTANT_CONVERSION = YES;
				CLANG_WARN_DEPRECATED_OBJC_IMPLEMENTATIONS = YES;
				CLANG_WARN_DIRECT_OBJC_ISA_USAGE = YES_ERROR;
				CLANG_WARN_DOCUMENTATION_COMMENTS = YES;
				CLANG_WARN_EMPTY_BODY = YES;
				CLANG_WARN_ENUM_CONVERSION = YES;
				CLANG_WARN_INFINITE_RECURSION = YES;
				CLANG_WARN_INT_CONVERSION = YES;
				CLANG_WARN_NON_LITERAL_NULL_CONVERSION = YES;
				CLANG_WARN_OBJC_IMPLICIT_RETAIN_SELF = YES;
				CLANG_WARN_OBJC_LITERAL_CONVERSION = YES;
				CLANG_WARN_OBJC_ROOT_CLASS = YES_ERROR;
				CLANG_WARN_QUOTED_INCLUDE_IN_FRAMEWORK_HEADER = YES;
				CLANG_WARN_RANGE_LOOP_ANALYSIS = YES;
				CLANG_WARN_STRICT_PROTOTYPES = YES;
				CLANG_WARN_SUSPICIOUS_MOVE = YES;
				CLANG_WARN_UNGUARDED_AVAILABILITY = YES_AGGRESSIVE;
				CLANG_WARN_UNREACHABLE_CODE = YES;
				CLANG_WARN__DUPLICATE_METHOD_MATCH = YES;
				COPY_PHASE_STRIP = NO;
				DEBUG_INFORMATION_FORMAT = "dwarf-with-dsym";
				DEVELOPMENT_TEAM = H6CYWCSB6H;
				ENABLE_NS_ASSERTIONS = NO;
				ENABLE_STRICT_OBJC_MSGSEND = YES;
				ENABLE_USER_SCRIPT_SANDBOXING = YES;
				GCC_C_LANGUAGE_STANDARD = gnu17;
				GCC_NO_COMMON_BLOCKS = YES;
				GCC_WARN_64_TO_32_BIT_CONVERSION = YES;
				GCC_WARN_ABOUT_RETURN_TYPE = YES_ERROR;
				GCC_WARN_UNDECLARED_SELECTOR = YES;
				GCC_WARN_UNINITIALIZED_AUTOS = YES_AGGRESSIVE;
				GCC_WARN_UNUSED_FUNCTION = YES;
				GCC_WARN_UNUSED_VARIABLE = YES;
				IPHONEOS_DEPLOYMENT_TARGET = 18.5;
				LOCALIZATION_PREFERS_STRING_CATALOGS = YES;
				MTL_ENABLE_DEBUG_INFO = NO;
				MTL_FAST_MATH = YES;
				SDKROOT = iphoneos;
				SWIFT_COMPILATION_MODE = wholemodule;
				VALIDATE_PRODUCT = YES;
			};
			name = Release;
		};
		9B29E5D02E56BBDE0057275D /* Debug */ = {
			isa = XCBuildConfiguration;
			buildSettings = {
				ASSETCATALOG_COMPILER_APPICON_NAME = AppIcon;
				ASSETCATALOG_COMPILER_GLOBAL_ACCENT_COLOR_NAME = AccentColor;
				CODE_SIGN_ENTITLEMENTS = LookatDeez/LookatDeez.entitlements;
				CODE_SIGN_STYLE = Automatic;
				CURRENT_PROJECT_VERSION = 1;
				DEVELOPMENT_TEAM = H6CYWCSB6H;
				ENABLE_PREVIEWS = YES;
				GENERATE_INFOPLIST_FILE = YES;
				INFOPLIST_KEY_UIApplicationSceneManifest_Generation = YES;
				INFOPLIST_KEY_UIApplicationSupportsIndirectInputEvents = YES;
				INFOPLIST_KEY_UILaunchScreen_Generation = YES;
				INFOPLIST_KEY_UISupportedInterfaceOrientations_iPad = "UIInterfaceOrientationPortrait UIInterfaceOrientationPortraitUpsideDown UIInterfaceOrientationLandscapeLeft UIInterfaceOrientationLandscapeRight";
				INFOPLIST_KEY_UISupportedInterfaceOrientations_iPhone = "UIInterfaceOrientationPortrait UIInterfaceOrientationLandscapeLeft UIInterfaceOrientationLandscapeRight";
				LD_RUNPATH_SEARCH_PATHS = (
					"$(inherited)",
					"@executable_path/Frameworks",
				);
				MARKETING_VERSION = 1.0;
				PRODUCT_BUNDLE_IDENTIFIER = ThisSpanksGaming.LookatDeez;
				PRODUCT_NAME = "$(TARGET_NAME)";
				SWIFT_EMIT_LOC_STRINGS = YES;
				SWIFT_VERSION = 5.0;
				TARGETED_DEVICE_FAMILY = "1,2";
			};
			name = Debug;
		};
		9B29E5D12E56BBDE0057275D /* Release */ = {
			isa = XCBuildConfiguration;
			buildSettings = {
				ASSETCATALOG_COMPILER_APPICON_NAME = AppIcon;
				ASSETCATALOG_COMPILER_GLOBAL_ACCENT_COLOR_NAME = AccentColor;
				CODE_SIGN_ENTITLEMENTS = LookatDeez/LookatDeez.entitlements;
				CODE_SIGN_STYLE = Automatic;
				CURRENT_PROJECT_VERSION = 1;
				DEVELOPMENT_TEAM = H6CYWCSB6H;
				ENABLE_PREVIEWS = YES;
				GENERATE_INFOPLIST_FILE = YES;
				INFOPLIST_KEY_UIApplicationSceneManifest_Generation = YES;
				INFOPLIST_KEY_UIApplicationSupportsIndirectInputEvents = YES;
				INFOPLIST_KEY_UILaunchScreen_Generation = YES;
				INFOPLIST_KEY_UISupportedInterfaceOrientations_iPad = "UIInterfaceOrientationPortrait UIInterfaceOrientationPortraitUpsideDown UIInterfaceOrientationLandscapeLeft UIInterfaceOrientationLandscapeRight";
				INFOPLIST_KEY_UISupportedInterfaceOrientations_iPhone = "UIInterfaceOrientationPortrait UIInterfaceOrientationLandscapeLeft UIInterfaceOrientationLandscapeRight";
				LD_RUNPATH_SEARCH_PATHS = (
					"$(inherited)",
					"@executable_path/Frameworks",
				);
				MARKETING_VERSION = 1.0;
				PRODUCT_BUNDLE_IDENTIFIER = ThisSpanksGaming.LookatDeez;
				PRODUCT_NAME = "$(TARGET_NAME)";
				SWIFT_EMIT_LOC_STRINGS = YES;
				SWIFT_VERSION = 5.0;
				TARGETED_DEVICE_FAMILY = "1,2";
			};
			name = Release;
		};
		9B29E5D32E56BBDE0057275D /* Debug */ = {
			isa = XCBuildConfiguration;
			buildSettings = {
				BUNDLE_LOADER = "$(TEST_HOST)";
				CODE_SIGN_STYLE = Automatic;
				CURRENT_PROJECT_VERSION = 1;
				DEVELOPMENT_TEAM = H6CYWCSB6H;
				GENERATE_INFOPLIST_FILE = YES;
				IPHONEOS_DEPLOYMENT_TARGET = 18.5;
				MARKETING_VERSION = 1.0;
				PRODUCT_BUNDLE_IDENTIFIER = ThisSpanksGaming.LookatDeezTests;
				PRODUCT_NAME = "$(TARGET_NAME)";
				SWIFT_EMIT_LOC_STRINGS = NO;
				SWIFT_VERSION = 5.0;
				TARGETED_DEVICE_FAMILY = "1,2";
				TEST_HOST = "$(BUILT_PRODUCTS_DIR)/LookatDeez.app/$(BUNDLE_EXECUTABLE_FOLDER_PATH)/LookatDeez";
			};
			name = Debug;
		};
		9B29E5D42E56BBDE0057275D /* Release */ = {
			isa = XCBuildConfiguration;
			buildSettings = {
				BUNDLE_LOADER = "$(TEST_HOST)";
				CODE_SIGN_STYLE = Automatic;
				CURRENT_PROJECT_VERSION = 1;
				DEVELOPMENT_TEAM = H6CYWCSB6H;
				GENERATE_INFOPLIST_FILE = YES;
				IPHONEOS_DEPLOYMENT_TARGET = 18.5;
				MARKETING_VERSION = 1.0;
				PRODUCT_BUNDLE_IDENTIFIER = ThisSpanksGaming.LookatDeezTests;
				PRODUCT_NAME = "$(TARGET_NAME)";
				SWIFT_EMIT_LOC_STRINGS = NO;
				SWIFT_VERSION = 5.0;
				TARGETED_DEVICE_FAMILY = "1,2";
				TEST_HOST = "$(BUILT_PRODUCTS_DIR)/LookatDeez.app/$(BUNDLE_EXECUTABLE_FOLDER_PATH)/LookatDeez";
			};
			name = Release;
		};
		9B29E5D62E56BBDE0057275D /* Debug */ = {
			isa = XCBuildConfiguration;
			buildSettings = {
				CODE_SIGN_STYLE = Automatic;
				CURRENT_PROJECT_VERSION = 1;
				DEVELOPMENT_TEAM = H6CYWCSB6H;
				GENERATE_INFOPLIST_FILE = YES;
				MARKETING_VERSION = 1.0;
				PRODUCT_BUNDLE_IDENTIFIER = ThisSpanksGaming.LookatDeezUITests;
				PRODUCT_NAME = "$(TARGET_NAME)";
				SWIFT_EMIT_LOC_STRINGS = NO;
				SWIFT_VERSION = 5.0;
				TARGETED_DEVICE_FAMILY = "1,2";
				TEST_TARGET_NAME = LookatDeez;
			};
			name = Debug;
		};
		9B29E5D72E56BBDE0057275D /* Release */ = {
			isa = XCBuildConfiguration;
			buildSettings = {
				CODE_SIGN_STYLE = Automatic;
				CURRENT_PROJECT_VERSION = 1;
				DEVELOPMENT_TEAM = H6CYWCSB6H;
				GENERATE_INFOPLIST_FILE = YES;
				MARKETING_VERSION = 1.0;
				PRODUCT_BUNDLE_IDENTIFIER = ThisSpanksGaming.LookatDeezUITests;
				PRODUCT_NAME = "$(TARGET_NAME)";
				SWIFT_EMIT_LOC_STRINGS = NO;
				SWIFT_VERSION = 5.0;
				TARGETED_DEVICE_FAMILY = "1,2";
				TEST_TARGET_NAME = LookatDeez;
			};
			name = Release;
		};
		9BC8F0A62E5D748800A23155 /* Debug */ = {
			isa = XCBuildConfiguration;
			buildSettings = {
				CODE_SIGN_ENTITLEMENTS = LookatDeezShare/LookatDeezShare.entitlements;
				CODE_SIGN_STYLE = Automatic;
				CURRENT_PROJECT_VERSION = 1;
				DEVELOPMENT_TEAM = H6CYWCSB6H;
				GENERATE_INFOPLIST_FILE = YES;
				INFOPLIST_FILE = LookatDeezShare/Info.plist;
				INFOPLIST_KEY_CFBundleDisplayName = LookatDeezShare;
				INFOPLIST_KEY_NSHumanReadableCopyright = "";
				LD_RUNPATH_SEARCH_PATHS = (
					"$(inherited)",
					"@executable_path/Frameworks",
					"@executable_path/../../Frameworks",
				);
				MARKETING_VERSION = 1.0;
				PRODUCT_BUNDLE_IDENTIFIER = ThisSpanksGaming.LookatDeez.LookatDeezShare;
				PRODUCT_NAME = "$(TARGET_NAME)";
				SKIP_INSTALL = YES;
				SWIFT_EMIT_LOC_STRINGS = YES;
				SWIFT_VERSION = 5.0;
				TARGETED_DEVICE_FAMILY = "1,2";
			};
			name = Debug;
		};
		9BC8F0A72E5D748800A23155 /* Release */ = {
			isa = XCBuildConfiguration;
			buildSettings = {
				CODE_SIGN_ENTITLEMENTS = LookatDeezShare/LookatDeezShare.entitlements;
				CODE_SIGN_STYLE = Automatic;
				CURRENT_PROJECT_VERSION = 1;
				DEVELOPMENT_TEAM = H6CYWCSB6H;
				GENERATE_INFOPLIST_FILE = YES;
				INFOPLIST_FILE = LookatDeezShare/Info.plist;
				INFOPLIST_KEY_CFBundleDisplayName = LookatDeezShare;
				INFOPLIST_KEY_NSHumanReadableCopyright = "";
				LD_RUNPATH_SEARCH_PATHS = (
					"$(inherited)",
					"@executable_path/Frameworks",
					"@executable_path/../../Frameworks",
				);
				MARKETING_VERSION = 1.0;
				PRODUCT_BUNDLE_IDENTIFIER = ThisSpanksGaming.LookatDeez.LookatDeezShare;
				PRODUCT_NAME = "$(TARGET_NAME)";
				SKIP_INSTALL = YES;
				SWIFT_EMIT_LOC_STRINGS = YES;
				SWIFT_VERSION = 5.0;
				TARGETED_DEVICE_FAMILY = "1,2";
			};
			name = Release;
		};
/* End XCBuildConfiguration section */

/* Begin XCConfigurationList section */
		9B29E5A92E56BBDD0057275D /* Build configuration list for PBXProject "LookatDeez" */ = {
			isa = XCConfigurationList;
			buildConfigurations = (
				9B29E5CD2E56BBDE0057275D /* Debug */,
				9B29E5CE2E56BBDE0057275D /* Release */,
			);
			defaultConfigurationIsVisible = 0;
			defaultConfigurationName = Release;
		};
		9B29E5CF2E56BBDE0057275D /* Build configuration list for PBXNativeTarget "LookatDeez" */ = {
			isa = XCConfigurationList;
			buildConfigurations = (
				9B29E5D02E56BBDE0057275D /* Debug */,
				9B29E5D12E56BBDE0057275D /* Release */,
			);
			defaultConfigurationIsVisible = 0;
			defaultConfigurationName = Release;
		};
		9B29E5D22E56BBDE0057275D /* Build configuration list for PBXNativeTarget "LookatDeezTests" */ = {
			isa = XCConfigurationList;
			buildConfigurations = (
				9B29E5D32E56BBDE0057275D /* Debug */,
				9B29E5D42E56BBDE0057275D /* Release */,
			);
			defaultConfigurationIsVisible = 0;
			defaultConfigurationName = Release;
		};
		9B29E5D52E56BBDE0057275D /* Build configuration list for PBXNativeTarget "LookatDeezUITests" */ = {
			isa = XCConfigurationList;
			buildConfigurations = (
				9B29E5D62E56BBDE0057275D /* Debug */,
				9B29E5D72E56BBDE0057275D /* Release */,
			);
			defaultConfigurationIsVisible = 0;
			defaultConfigurationName = Release;
		};
		9BC8F0A52E5D748800A23155 /* Build configuration list for PBXNativeTarget "LookatDeezShare" */ = {
			isa = XCConfigurationList;
			buildConfigurations = (
				9BC8F0A62E5D748800A23155 /* Debug */,
				9BC8F0A72E5D748800A23155 /* Release */,
			);
			defaultConfigurationIsVisible = 0;
			defaultConfigurationName = Release;
		};
/* End XCConfigurationList section */
	};
	rootObject = 9B29E5A62E56BBDD0057275D /* Project object */;
}
